PODS:
  - Realm (3.0.1):
    - Realm/Headers (= 3.0.1)
  - Realm/Headers (3.0.1)
  - RealmSwift (3.0.1):
    - Realm (= 3.0.1)
  - SKPhotoBrowser (5.0.0)
  - SVProgressHUD (2.2.2)

DEPENDENCIES:
  - RealmSwift (~> 3.0)
  - SKPhotoBrowser
  - SVProgressHUD

SPEC CHECKSUMS:
  Realm: ba6144c74f835f7497791f6599d63a7755377b83
  RealmSwift: 7d13b1ac4b6022a13f841e3143e7789c9e40ad0d
  SKPhotoBrowser: fe936f878955a568c726bf05d14e1d2717d91ce0
  SVProgressHUD: 59b2d3dabacbd051576d21d32293ca7228dc18b0

PODFILE CHECKSUM: a2f6a0c7e5e8af06fe9a84aef55a155e6295e7d6

COCOAPODS: 1.3.1
