PODS:
  - Realm (3.0.1):
    - Realm/Headers (= 3.0.1)
  - Realm/Headers (3.0.1)
  - RealmSwift (3.0.1):
    - Realm (= 3.0.1)
  - SAMKeychain (1.5.3)
  - SKPhotoBrowser (5.0.0)
  - SVProgressHUD (2.2.2)
  - VENTouchLock (1.13.0):
    - SAMKeychain (~> 1.0)

DEPENDENCIES:
  - RealmSwift (~> 3.0)
  - SKPhotoBrowser
  - SVProgressHUD
  - VENTouchLock (from `https://github.com/venmo/VENTouchLock.git`)

EXTERNAL SOURCES:
  VENTouchLock:
    :git: https://github.com/venmo/VENTouchLock.git

CHECKOUT OPTIONS:
  VENTouchLock:
    :commit: 212661ae4b12b0a9a9c42314885819560be976c8
    :git: https://github.com/venmo/VENTouchLock.git

SPEC CHECKSUMS:
  Realm: ba6144c74f835f7497791f6599d63a7755377b83
  RealmSwift: 7d13b1ac4b6022a13f841e3143e7789c9e40ad0d
  SAMKeychain: 483e1c9f32984d50ca961e26818a534283b4cd5c
  SKPhotoBrowser: fe936f878955a568c726bf05d14e1d2717d91ce0
  SVProgressHUD: 59b2d3dabacbd051576d21d32293ca7228dc18b0
  VENTouchLock: 081d989bc9d672b6a067e03f1e13f857f9d6a8d4

PODFILE CHECKSUM: fbf09834e8a2f28c7e6ed79ba153887cb7030d92

COCOAPODS: 1.3.1
